github.com/go-yaml/yaml v2.1.0+incompatible h1:RYi2hDdss1u4YE7GwixGzWwVo47T8UQwnTLB6vQiq+o=
github.com/go-yaml/yaml v2.1.0+incompatible/go.mod h1:w2MrLa16VYP0jy6N7M5kHaCkaLENm+P+Tv+MfurjSw0=
github.com/immortal/logrotate v0.0.0-20180922190115-5a04431dbafb h1:sY1F9xSi+XwYMCZvM2O0Hf2ZE7+pktiqyqdejXAEt60=
github.com/immortal/logrotate v0.0.0-20180922190115-5a04431dbafb/go.mod h1:ux2V8z1F/yRKtCi1JdbtKZBAjmE/CMm91u7x/vnBqAI=
github.com/immortal/multiwriter v0.0.0-20180922214543-2e0dd11a3549 h1:9l48qS/06P9Twmg1BAJBHfcKoQxDN4/y5GrFX0iWduk=
github.com/immortal/multiwriter v0.0.0-20180922214543-2e0dd11a3549/go.mod h1:nOfpnTSAhARMzUaT2RXae0fI8KZv0H1U4wq73aKNzRI=
github.com/immortal/natcasesort v0.0.0-20180922190600-53ad4be8bc1a h1:xGCNWvZqUk/9l1ytDVzZHLAadyrB6My8AoG6ksxWbDU=
github.com/immortal/natcasesort v0.0.0-20180922190600-53ad4be8bc1a/go.mod h1:wrlf+Cc7o4fqKniC+4ebBmr6sJ8eeOjx5588f/4RgIU=
github.com/immortal/xtime v0.0.0-20170317233522-fb1aca1146ea h1:A2jr6G4ZBCSWuGXxokX81LDZSd4z3JbGT04EEzdg1bA=
github.com/immortal/xtime v0.0.0-20170317233522-fb1aca1146ea/go.mod h1:h+t/X/YvFrjugmbyexieB4t2EEcMrGU+ddxUtew4W3U=
github.com/nbari/violetear v0.0.0-20210524103009-ce83b52538c9 h1:L5+NHqJtAZ/BBVY3A3YkAeiPp5q8bXuufST62E2Skpo=
github.com/nbari/violetear v0.0.0-20210524103009-ce83b52538c9/go.mod h1:DZERM3bJoILVxK77tZRrEyLyAoQdgFEM2uYtwWMUjPU=
gopkg.in/check.v1 v0.0.0-20161208181325-20d25e280405 h1:yhCVgyC4o1eVCa2tZl7eS0r+SDo693bJlVdllGtEeKM=
gopkg.in/check.v1 v0.0.0-20161208181325-20d25e280405/go.mod h1:Co6ibVJAznAaIkqp8huTwlJQCZ016jof/cbN4VW5Yz0=
gopkg.in/yaml.v2 v2.2.8 h1:obN1ZagJSUGI0Ek/LBmuj4SNLPfIny3KsKFopxRdj10=
gopkg.in/yaml.v2 v2.2.8/go.mod h1:hI93XBmqTisBFMUTm0b8Fm+jr3Dg1NNxqwp+5A1VGuI=
