# This file is autogenerated, do not edit; changes may be undone by the next 'dep ensure'.


[[projects]]
  branch = "v2"
  name = "github.com/go-yaml/yaml"
  packages = ["."]
  revision = "eb3733d160e74a9c7e442f435eb3bea458e1d19f"

[[projects]]
  name = "github.com/immortal/logrotate"
  packages = ["."]
  revision = "6f52ae74e103a0691e70ae31d82c0d99ab9ba973"
  version = "0.3.0"

[[projects]]
  branch = "master"
  name = "github.com/immortal/multiwriter"
  packages = ["."]
  revision = "2555774a03ac1d12b5bb4392858959ee50f78884"

[[projects]]
  name = "github.com/immortal/natcasesort"
  packages = ["."]
  revision = "162328b7d427d6f2d85a71ac77c175a53034229b"
  version = "0.2.0"

[[projects]]
  branch = "master"
  name = "github.com/immortal/xtime"
  packages = ["."]
  revision = "fb1aca1146ea82769e8433f5bb22f373765e7ecc"

[[projects]]
  name = "github.com/nbari/violetear"
  packages = ["."]
  revision = "875703ed7ae9b57e9a19cb18fff2ec362448a7d8"
  version = "3.1.8"

[solve-meta]
  analyzer-name = "dep"
  analyzer-version = 1
  inputs-digest = "cd775f8319d754c54df16d7240b4730fc7ab9c7fba703a4aaf59866bbe52ec55"
  solver-name = "gps-cdcl"
  solver-version = 1
