github.com/go-yaml/yaml v2.1.0+incompatible h1:RYi2hDdss1u4YE7GwixGzWwVo47T8UQwnTLB6vQiq+o=
github.com/go-yaml/yaml v2.1.0+incompatible/go.mod h1:w2MrLa16VYP0jy6N7M5kHaCkaLENm+P+Tv+MfurjSw0=
github.com/immortal/immortal v0.0.0-20191105085620-76c9ba6fee1f h1:vDVU8Dke9xGbWBt42HjZyQFFnrH0OtELGmX0KQ5ID+w=
github.com/immortal/immortal v0.0.0-20191105085620-76c9ba6fee1f/go.mod h1:Q+2syW+aQchBrHixsGpw0D+bA9nO8EfpWRtPA6OmXkc=
github.com/immortal/logrotate v0.0.0-20180922190115-5a04431dbafb h1:sY1F9xSi+XwYMCZvM2O0Hf2ZE7+pktiqyqdejXAEt60=
github.com/immortal/logrotate v0.0.0-20180922190115-5a04431dbafb/go.mod h1:ux2V8z1F/yRKtCi1JdbtKZBAjmE/CMm91u7x/vnBqAI=
github.com/immortal/multiwriter v0.0.0-20180922214543-2e0dd11a3549 h1:9l48qS/06P9Twmg1BAJBHfcKoQxDN4/y5GrFX0iWduk=
github.com/immortal/multiwriter v0.0.0-20180922214543-2e0dd11a3549/go.mod h1:nOfpnTSAhARMzUaT2RXae0fI8KZv0H1U4wq73aKNzRI=
github.com/immortal/natcasesort v0.0.0-20180922190600-53ad4be8bc1a h1:xGCNWvZqUk/9l1ytDVzZHLAadyrB6My8AoG6ksxWbDU=
github.com/immortal/natcasesort v0.0.0-20180922190600-53ad4be8bc1a/go.mod h1:wrlf+Cc7o4fqKniC+4ebBmr6sJ8eeOjx5588f/4RgIU=
github.com/immortal/xtime v0.0.0-20170317233522-fb1aca1146ea h1:A2jr6G4ZBCSWuGXxokX81LDZSd4z3JbGT04EEzdg1bA=
github.com/immortal/xtime v0.0.0-20170317233522-fb1aca1146ea/go.mod h1:h+t/X/YvFrjugmbyexieB4t2EEcMrGU+ddxUtew4W3U=
github.com/kr/pretty v0.1.0 h1:L/CwN0zerZDmRFUapSPitk6f+Q3+0za1rQkzVuMiMFI=
github.com/kr/pretty v0.1.0/go.mod h1:dAy3ld7l9f0ibDNOQOHHMYYIIbhfbHSm3C4ZsoJORNo=
github.com/kr/pty v1.1.1/go.mod h1:pFQYn66WHrOpPYNljwOMqo10TkYh1fy3cYio2l3bCsQ=
github.com/kr/text v0.1.0 h1:45sCR5RtlFHMR4UwH9sdQ5TC8v0qDQCHnXt+kaKSTVE=
github.com/kr/text v0.1.0/go.mod h1:4Jbv+DJW3UT/LiOwJeYQe1efqtUx/iVham/4vfdArNI=
github.com/nbari/violetear v0.0.0-20191105085335-75adcf9b986b h1:/9rRotT1Uc5JRj3LFvpFWp+EqJwtZ0gdo2uLgoN/T4s=
github.com/nbari/violetear v0.0.0-20191105085335-75adcf9b986b/go.mod h1:UrL3qDiO/LwC9HbVuujfjLbqyvP4DzuMLvUk4PfwZx8=
gopkg.in/check.v1 v0.0.0-20161208181325-20d25e280405/go.mod h1:Co6ibVJAznAaIkqp8huTwlJQCZ016jof/cbN4VW5Yz0=
gopkg.in/check.v1 v1.0.0-20190902080502-41f04d3bba15 h1:YR8cESwS4TdDjEe65xsg0ogRM/Nc3DYOhEAlW+xobZo=
gopkg.in/check.v1 v1.0.0-20190902080502-41f04d3bba15/go.mod h1:Co6ibVJAznAaIkqp8huTwlJQCZ016jof/cbN4VW5Yz0=
gopkg.in/yaml.v2 v2.2.7 h1:VUgggvou5XRW9mHwD/yXxIYSMtY0zoKQf/v226p2nyo=
gopkg.in/yaml.v2 v2.2.7/go.mod h1:hI93XBmqTisBFMUTm0b8Fm+jr3Dg1NNxqwp+5A1VGuI=
