# This file is autogenerated, do not edit; changes may be undone by the next 'dep ensure'.


[[projects]]
  digest = "1:59f10c1537d2199d9115d946927fe31165959a95190849c82ff11e05803528b0"
  name = "github.com/go-yaml/yaml"
  packages = ["."]
  pruneopts = "UT"
  revision = "f221b8435cfb71e54062f6c6e99e9ade30b124d5"
  version = "v2.2.4"

[[projects]]
  digest = "1:6d1dbf9d42ab5421c9394f136a9d2df825b132ed1ef3601b98d894d49d46223a"
  name = "github.com/immortal/logrotate"
  packages = ["."]
  pruneopts = "UT"
  revision = "6f52ae74e103a0691e70ae31d82c0d99ab9ba973"
  version = "0.3.0"

[[projects]]
  branch = "master"
  digest = "1:ba9eb07cda8a9c58bc979275d7e37ec7bc337e514075cabf1b98f34ec6a6443d"
  name = "github.com/immortal/multiwriter"
  packages = ["."]
  pruneopts = "UT"
  revision = "2e0dd11a35499ff1478160d42999e96ae4c34fd3"

[[projects]]
  digest = "1:7a9ae286e6a55e50fd4837124b0a12eda0d6ba9ab118f5f651597d8a19e7c7fa"
  name = "github.com/immortal/natcasesort"
  packages = ["."]
  pruneopts = "UT"
  revision = "162328b7d427d6f2d85a71ac77c175a53034229b"
  version = "0.2.0"

[[projects]]
  branch = "master"
  digest = "1:4f32c1b241517ddd2dd4e43c779887623eeeb82ca4d835e879041e40518a69bd"
  name = "github.com/immortal/xtime"
  packages = ["."]
  pruneopts = "UT"
  revision = "fb1aca1146ea82769e8433f5bb22f373765e7ecc"

[[projects]]
  digest = "1:b37c650859c9e3866ad8855cf429306efb6524fed29f29cdb5b5dbd6d7bacc06"
  name = "github.com/nbari/violetear"
  packages = ["."]
  pruneopts = "UT"
  revision = "5c7cdfea6d629c4fa5c4fafe2fe27f53b5cb0254"
  version = "5.0.1"

[solve-meta]
  analyzer-name = "dep"
  analyzer-version = 1
  input-imports = [
    "github.com/go-yaml/yaml",
    "github.com/immortal/logrotate",
    "github.com/immortal/multiwriter",
    "github.com/immortal/natcasesort",
    "github.com/immortal/xtime",
    "github.com/nbari/violetear",
  ]
  solver-name = "gps-cdcl"
  solver-version = 1
